<?xml version="1.0" encoding="utf-8"?>
<Project ToolsVersion="4.0" xmlns="http://schemas.microsoft.com/developer/msbuild/2003">
  <ItemGroup>
    <Filter Include="src">
      <UniqueIdentifier>{0d2b8897-6957-426e-94bf-37bd4c17f23c}</UniqueIdentifier>
    </Filter>
    <Filter Include="src\hlsl">
      <UniqueIdentifier>{8d32feef-2664-444e-a7fd-bfd281caccaa}</UniqueIdentifier>
    </Filter>
    <Filter Include="src\Game">
      <UniqueIdentifier>{af6713bb-10a9-4f09-83f3-69619fa97a45}</UniqueIdentifier>
    </Filter>
  </ItemGroup>
  <ItemGroup>
    <ClCompile Include="src\UBG.cpp">
      <Filter>src</Filter>
    </ClCompile>
    <ClCompile Include="src\UBG_PlatformWin32.cpp">
      <Filter>src</Filter>
    </ClCompile>
    <ClCompile Include="src\UBG_GfxDX11.cpp">
      <Filter>src</Filter>
    </ClCompile>
    <ClCompile Include="src\Clock.cpp">
      <Filter>src</Filter>
    </ClCompile>
    <ClCompile Include="src\Math.cpp">
      <Filter>src</Filter>
    </ClCompile>
    <ClCompile Include="src\Input.cpp">
      <Filter>src</Filter>
    </ClCompile>
    <ClCompile Include="src\Utils.cpp">
      <Filter>src</Filter>
    </ClCompile>
    <ClCompile Include="src\Memory.cpp">
      <Filter>src</Filter>
    </ClCompile>
    <ClCompile Include="src\UBG_GfxCommon.cpp">
      <Filter>src</Filter>
    </ClCompile>
    <ClCompile Include="src\UBGame.cpp">
      <Filter>src</Filter>
    </ClCompile>
    <ClCompile Include="src\Collision.cpp">
      <Filter>src</Filter>
    </ClCompile>
    <ClCompile Include="src\Game\Impl.cpp">
      <Filter>src\Game</Filter>
    </ClCompile>
    <ClCompile Include="src\Game\Demo.cpp">
      <Filter>src\Game</Filter>
    </ClCompile>
  </ItemGroup>
  <ItemGroup>
    <ClInclude Include="src\UBG_PlatformWin32.h">
      <Filter>src</Filter>
    </ClInclude>
    <ClInclude Include="src\UBG_Platform.h">
      <Filter>src</Filter>
    </ClInclude>
    <ClInclude Include="src\UBG.h">
      <Filter>src</Filter>
    </ClInclude>
    <ClInclude Include="src\UBG_Gfx.h">
      <Filter>src</Filter>
    </ClInclude>
    <ClInclude Include="src\UBG_GfxDX11.h">
      <Filter>src</Filter>
    </ClInclude>
    <ClInclude Include="src\Clock.h">
      <Filter>src</Filter>
    </ClInclude>
    <ClInclude Include="src\Math.h">
      <Filter>src</Filter>
    </ClInclude>
    <ClInclude Include="src\Input.h">
      <Filter>src</Filter>
    </ClInclude>
    <ClInclude Include="src\Utils.h">
      <Filter>src</Filter>
    </ClInclude>
    <ClInclude Include="src\Memory.h">
      <Filter>src</Filter>
    </ClInclude>
    <ClInclude Include="src\Array.h">
      <Filter>src</Filter>
    </ClInclude>
    <ClInclude Include="src\UBG_GfxCommon.h">
      <Filter>src</Filter>
    </ClInclude>
    <ClInclude Include="src\UBG_Types.h">
      <Filter>src</Filter>
    </ClInclude>
    <ClInclude Include="src\UBGame.h">
      <Filter>src</Filter>
    </ClInclude>
    <ClInclude Include="src\ListID.h">
      <Filter>src</Filter>
    </ClInclude>
    <ClInclude Include="src\Collision.h">
      <Filter>src</Filter>
    </ClInclude>
    <ClInclude Include="src\Game\Impl.h">
      <Filter>src\Game</Filter>
    </ClInclude>
    <ClInclude Include="src\Game\Demo.h">
      <Filter>src\Game</Filter>
    </ClInclude>
  </ItemGroup>
  <ItemGroup>
    <FxCompile Include="src\hlsl\BaseShaderColor.hlsl">
      <Filter>src\hlsl</Filter>
    </FxCompile>
    <FxCompile Include="src\hlsl\BaseShaderTexture.hlsl">
      <Filter>src\hlsl</Filter>
    </FxCompile>
    <FxCompile Include="src\hlsl\BaseShaderUnicolor.hlsl">
      <Filter>src\hlsl</Filter>
    </FxCompile>
  </ItemGroup>
</Project>