
Microsoft Visual Studio Solution File, Format Version 12.00
# Visual Studio Version 17
VisualStudioVersion = 17.14.36327.8 d17.14
MinimumVisualStudioVersion = 10.0.40219.1
Project("{8BC9CEB8-8B4A-11D0-8D11-00A0C91BC942}") = "UBG", "UBG.vcxproj", "{7D808DAC-14BB-4DA0-B248-FD18FB7BD416}"
EndProject
Global
	GlobalSection(SolutionConfigurationPlatforms) = preSolution
		Debug|x64 = Debug|x64
		Release|x64 = Release|x64
	EndGlobalSection
	GlobalSection(ProjectConfigurationPlatforms) = postSolution
		{7D808DAC-14BB-4DA0-B248-FD18FB7BD416}.Debug|x64.ActiveCfg = Debug|x64
		{7D808DAC-14BB-4DA0-B248-FD18FB7BD416}.Debug|x64.Build.0 = Debug|x64
		{7D808DAC-14BB-4DA0-B248-FD18FB7BD416}.Release|x64.ActiveCfg = Release|x64
		{7D808DAC-14BB-4DA0-B248-FD18FB7BD416}.Release|x64.Build.0 = Release|x64
	EndGlobalSection
	GlobalSection(SolutionProperties) = preSolution
		HideSolutionNode = FALSE
	EndGlobalSection
	GlobalSection(ExtensibilityGlobals) = postSolution
		SolutionGuid = {6D7C1D4B-4DEC-4D2E-B5F1-5276CDD09BAA}
	EndGlobalSection
EndGlobal
